
Microsoft Visual Studio Solution File, Format Version 12.00
Project("{FAE04EC0-301F-11D3-BF4B-00C04F79EFBC}") = "LINE Connector", "LINE Connector\LINE Connector.csproj", "{76DEC834-BA0E-4AA6-BC4E-D7207557B616}"
EndProject
Project("{2150E333-8FDC-42A3-9474-1A3956D46DE8}") = "lib", "lib", "{44222F05-9C9B-406B-AD07-2F4B5A6BC821}"
EndProject
Project("{2150E333-8FDC-42A3-9474-1A3956D46DE8}") = "src", "src", "{9E0591E3-29D9-448E-9265-980668FC41FB}"
EndProject
Project("{2150E333-8FDC-42A3-9474-1A3956D46DE8}") = "Services", "Services", "{6D6D7774-F557-4E4B-AD4A-005D0EA017FD}"
EndProject
Project("{2150E333-8FDC-42A3-9474-1A3956D46DE8}") = "Dashboard", "Dashboard", "{A04F254C-6D0B-464D-B119-87A65077799B}"
EndProject
Project("{FAE04EC0-301F-11D3-BF4B-00C04F79EFBC}") = "Dashboard.API", "Dashboard.API\Dashboard.API.csproj", "{A33A371E-A670-4637-9B33-917FD7ED652C}"
EndProject
Project("{FAE04EC0-301F-11D3-BF4B-00C04F79EFBC}") = "DateTimeExtensions", "DateTimeExtensions\DateTimeExtensions.csproj", "{B49B0FA3-5B69-4137-84DE-0F92411CB0E0}"
EndProject
Project("{FAE04EC0-301F-11D3-BF4B-00C04F79EFBC}") = "ErrorHandling", "ErrorHandling\ErrorHandling.csproj", "{DE8E07BE-CB20-42E5-9E90-CF4C7205958B}"
EndProject
Project("{FAE04EC0-301F-11D3-BF4B-00C04F79EFBC}") = "Auth", "Auth\Auth.csproj", "{6AFC7F92-403C-493D-857C-17DFBB97096D}"
EndProject
Project("{FAE04EC0-301F-11D3-BF4B-00C04F79EFBC}") = "Common", "Common\Common.csproj", "{323DEF86-D4F1-4598-BDF6-96F94F5040D4}"
EndProject
Project("{FAE04EC0-301F-11D3-BF4B-00C04F79EFBC}") = "PagingExtensions", "PagingExtensions\PagingExtensions.csproj", "{86E9E0ED-2D63-42F1-8AD0-86D082A38F17}"
EndProject
Project("{FAE04EC0-301F-11D3-BF4B-00C04F79EFBC}") = "Base.DTOs", "Base.DTOs\Base.DTOs.csproj", "{E0A4AC58-7F86-4F50-940A-87B4124AEF52}"
EndProject
Project("{FAE04EC0-301F-11D3-BF4B-00C04F79EFBC}") = "Dashboard.Services", "Dashboard.Services\Dashboard.Services.csproj", "{130E3E81-A578-453B-AD92-FCFBFD35736F}"
EndProject
Global
	GlobalSection(SolutionConfigurationPlatforms) = preSolution
		Debug|Any CPU = Debug|Any CPU
		Release|Any CPU = Release|Any CPU
	EndGlobalSection
	GlobalSection(ProjectConfigurationPlatforms) = postSolution
		{76DEC834-BA0E-4AA6-BC4E-D7207557B616}.Debug|Any CPU.ActiveCfg = Debug|Any CPU
		{76DEC834-BA0E-4AA6-BC4E-D7207557B616}.Debug|Any CPU.Build.0 = Debug|Any CPU
		{76DEC834-BA0E-4AA6-BC4E-D7207557B616}.Release|Any CPU.ActiveCfg = Release|Any CPU
		{76DEC834-BA0E-4AA6-BC4E-D7207557B616}.Release|Any CPU.Build.0 = Release|Any CPU
		{A33A371E-A670-4637-9B33-917FD7ED652C}.Debug|Any CPU.ActiveCfg = Debug|Any CPU
		{A33A371E-A670-4637-9B33-917FD7ED652C}.Debug|Any CPU.Build.0 = Debug|Any CPU
		{A33A371E-A670-4637-9B33-917FD7ED652C}.Release|Any CPU.ActiveCfg = Release|Any CPU
		{A33A371E-A670-4637-9B33-917FD7ED652C}.Release|Any CPU.Build.0 = Release|Any CPU
		{B49B0FA3-5B69-4137-84DE-0F92411CB0E0}.Debug|Any CPU.ActiveCfg = Debug|Any CPU
		{B49B0FA3-5B69-4137-84DE-0F92411CB0E0}.Debug|Any CPU.Build.0 = Debug|Any CPU
		{B49B0FA3-5B69-4137-84DE-0F92411CB0E0}.Release|Any CPU.ActiveCfg = Release|Any CPU
		{B49B0FA3-5B69-4137-84DE-0F92411CB0E0}.Release|Any CPU.Build.0 = Release|Any CPU
		{DE8E07BE-CB20-42E5-9E90-CF4C7205958B}.Debug|Any CPU.ActiveCfg = Debug|Any CPU
		{DE8E07BE-CB20-42E5-9E90-CF4C7205958B}.Debug|Any CPU.Build.0 = Debug|Any CPU
		{DE8E07BE-CB20-42E5-9E90-CF4C7205958B}.Release|Any CPU.ActiveCfg = Release|Any CPU
		{DE8E07BE-CB20-42E5-9E90-CF4C7205958B}.Release|Any CPU.Build.0 = Release|Any CPU
		{6AFC7F92-403C-493D-857C-17DFBB97096D}.Debug|Any CPU.ActiveCfg = Debug|Any CPU
		{6AFC7F92-403C-493D-857C-17DFBB97096D}.Debug|Any CPU.Build.0 = Debug|Any CPU
		{6AFC7F92-403C-493D-857C-17DFBB97096D}.Release|Any CPU.ActiveCfg = Release|Any CPU
		{6AFC7F92-403C-493D-857C-17DFBB97096D}.Release|Any CPU.Build.0 = Release|Any CPU
		{323DEF86-D4F1-4598-BDF6-96F94F5040D4}.Debug|Any CPU.ActiveCfg = Debug|Any CPU
		{323DEF86-D4F1-4598-BDF6-96F94F5040D4}.Debug|Any CPU.Build.0 = Debug|Any CPU
		{323DEF86-D4F1-4598-BDF6-96F94F5040D4}.Release|Any CPU.ActiveCfg = Release|Any CPU
		{323DEF86-D4F1-4598-BDF6-96F94F5040D4}.Release|Any CPU.Build.0 = Release|Any CPU
		{86E9E0ED-2D63-42F1-8AD0-86D082A38F17}.Debug|Any CPU.ActiveCfg = Debug|Any CPU
		{86E9E0ED-2D63-42F1-8AD0-86D082A38F17}.Debug|Any CPU.Build.0 = Debug|Any CPU
		{86E9E0ED-2D63-42F1-8AD0-86D082A38F17}.Release|Any CPU.ActiveCfg = Release|Any CPU
		{86E9E0ED-2D63-42F1-8AD0-86D082A38F17}.Release|Any CPU.Build.0 = Release|Any CPU
		{E0A4AC58-7F86-4F50-940A-87B4124AEF52}.Debug|Any CPU.ActiveCfg = Debug|Any CPU
		{E0A4AC58-7F86-4F50-940A-87B4124AEF52}.Debug|Any CPU.Build.0 = Debug|Any CPU
		{E0A4AC58-7F86-4F50-940A-87B4124AEF52}.Release|Any CPU.ActiveCfg = Release|Any CPU
		{E0A4AC58-7F86-4F50-940A-87B4124AEF52}.Release|Any CPU.Build.0 = Release|Any CPU
		{130E3E81-A578-453B-AD92-FCFBFD35736F}.Debug|Any CPU.ActiveCfg = Debug|Any CPU
		{130E3E81-A578-453B-AD92-FCFBFD35736F}.Debug|Any CPU.Build.0 = Debug|Any CPU
		{130E3E81-A578-453B-AD92-FCFBFD35736F}.Release|Any CPU.ActiveCfg = Release|Any CPU
		{130E3E81-A578-453B-AD92-FCFBFD35736F}.Release|Any CPU.Build.0 = Release|Any CPU
	EndGlobalSection
	GlobalSection(NestedProjects) = preSolution
		{6D6D7774-F557-4E4B-AD4A-005D0EA017FD} = {9E0591E3-29D9-448E-9265-980668FC41FB}
		{A04F254C-6D0B-464D-B119-87A65077799B} = {6D6D7774-F557-4E4B-AD4A-005D0EA017FD}
		{A33A371E-A670-4637-9B33-917FD7ED652C} = {A04F254C-6D0B-464D-B119-87A65077799B}
		{B49B0FA3-5B69-4137-84DE-0F92411CB0E0} = {44222F05-9C9B-406B-AD07-2F4B5A6BC821}
		{DE8E07BE-CB20-42E5-9E90-CF4C7205958B} = {44222F05-9C9B-406B-AD07-2F4B5A6BC821}
		{6AFC7F92-403C-493D-857C-17DFBB97096D} = {44222F05-9C9B-406B-AD07-2F4B5A6BC821}
		{323DEF86-D4F1-4598-BDF6-96F94F5040D4} = {44222F05-9C9B-406B-AD07-2F4B5A6BC821}
		{86E9E0ED-2D63-42F1-8AD0-86D082A38F17} = {44222F05-9C9B-406B-AD07-2F4B5A6BC821}
		{E0A4AC58-7F86-4F50-940A-87B4124AEF52} = {6D6D7774-F557-4E4B-AD4A-005D0EA017FD}
		{130E3E81-A578-453B-AD92-FCFBFD35736F} = {A04F254C-6D0B-464D-B119-87A65077799B}
	EndGlobalSection
EndGlobal
